
Microsoft Visual Studio Solution File, Format Version 12.00
# Visual Studio Version 16
VisualStudioVersion = 16.0.30907.101
MinimumVisualStudioVersion = 10.0.40219.1
Project("{8BC9CEB8-8B4A-11D0-8D11-00A0C91BC942}") = "mulMat", "mulMat\mulMat.vcxproj", "{48ECC2F0-22B3-4A02-B24C-C4D16BD52930}"
EndProject
Global
	GlobalSection(SolutionConfigurationPlatforms) = preSolution
		Debug|x64 = Debug|x64
		Release|x64 = Release|x64
	EndGlobalSection
	GlobalSection(ProjectConfigurationPlatforms) = postSolution
		{48ECC2F0-22B3-4A02-B24C-C4D16BD52930}.Debug|x64.ActiveCfg = Debug|x64
		{48ECC2F0-22B3-4A02-B24C-C4D16BD52930}.Debug|x64.Build.0 = Debug|x64
		{48ECC2F0-22B3-4A02-B24C-C4D16BD52930}.Release|x64.ActiveCfg = Release|x64
		{48ECC2F0-22B3-4A02-B24C-C4D16BD52930}.Release|x64.Build.0 = Release|x64
	EndGlobalSection
	GlobalSection(SolutionProperties) = preSolution
		HideSolutionNode = FALSE
	EndGlobalSection
	GlobalSection(ExtensibilityGlobals) = postSolution
		SolutionGuid = {1E4A53A5-AED1-4AD6-ACBE-897EB03D0113}
	EndGlobalSection
EndGlobal
